// !$*UTF8*$!
{
	archiveVersion = 1;
	classes = {
	};
	objectVersion = 55;
	objects = {

/* Begin PBXBuildFile section */
		6A4950E05B4B26B1CF49A9F0 /* Pods_Petfinder_PetfinderUITests.framework in Frameworks */ = {isa = PBXBuildFile; fileRef = 4DFB1234A2E5E195836C603B /* Pods_Petfinder_PetfinderUITests.framework */; };
		CBBB40038B916C236E08F49A /* Pods_Petfinder.framework in Frameworks */ = {isa = PBXBuildFile; fileRef = 5E71FE6878AF123FAB023D35 /* Pods_Petfinder.framework */; };
		FA8EBD5E28F42AD100A223E3 /* KeyboardListener.swift in Sources */ = {isa = PBXBuildFile; fileRef = FA8EBD5D28F42AD100A223E3 /* KeyboardListener.swift */; };
		FA8EBD6028F49BE200A223E3 /* UIView+Frame.swift in Sources */ = {isa = PBXBuildFile; fileRef = FA8EBD5F28F49BE200A223E3 /* UIView+Frame.swift */; };
		FAB2721128EEDE4A00056F99 /* AppDelegate.swift in Sources */ = {isa = PBXBuildFile; fileRef = FAB2721028EEDE4A00056F99 /* AppDelegate.swift */; };
		FAB2721328EEDE4A00056F99 /* SceneDelegate.swift in Sources */ = {isa = PBXBuildFile; fileRef = FAB2721228EEDE4A00056F99 /* SceneDelegate.swift */; };
		FAB2721528EEDE4A00056F99 /* PetSearchViewController.swift in Sources */ = {isa = PBXBuildFile; fileRef = FAB2721428EEDE4A00056F99 /* PetSearchViewController.swift */; };
		FAB2721828EEDE4A00056F99 /* Main.storyboard in Resources */ = {isa = PBXBuildFile; fileRef = FAB2721628EEDE4A00056F99 /* Main.storyboard */; };
		FAB2721B28EEDE4A00056F99 /* Petfinder.xcdatamodeld in Sources */ = {isa = PBXBuildFile; fileRef = FAB2721928EEDE4A00056F99 /* Petfinder.xcdatamodeld */; };
		FAB2721D28EEDE4B00056F99 /* Assets.xcassets in Resources */ = {isa = PBXBuildFile; fileRef = FAB2721C28EEDE4B00056F99 /* Assets.xcassets */; };
		FAB2722028EEDE4B00056F99 /* LaunchScreen.storyboard in Resources */ = {isa = PBXBuildFile; fileRef = FAB2721E28EEDE4B00056F99 /* LaunchScreen.storyboard */; };
		FAB2722B28EEDE4C00056F99 /* PetfinderTests.swift in Sources */ = {isa = PBXBuildFile; fileRef = FAB2722A28EEDE4C00056F99 /* PetfinderTests.swift */; };
		FAB2723528EEDE4C00056F99 /* PetfinderUITests.swift in Sources */ = {isa = PBXBuildFile; fileRef = FAB2723428EEDE4C00056F99 /* PetfinderUITests.swift */; };
		FAB2723728EEDE4C00056F99 /* PetfinderUITestsLaunchTests.swift in Sources */ = {isa = PBXBuildFile; fileRef = FAB2723628EEDE4C00056F99 /* PetfinderUITestsLaunchTests.swift */; };
		FAFB451928F41EF8004B1637 /* AuthenticationToken.swift in Sources */ = {isa = PBXBuildFile; fileRef = FAFB451828F41EF8004B1637 /* AuthenticationToken.swift */; };
		FF3BA7EFA8C786227E94BB10 /* Pods_PetfinderTests.framework in Frameworks */ = {isa = PBXBuildFile; fileRef = C2830D783FC1C91C3E6810BB /* Pods_PetfinderTests.framework */; };
/* End PBXBuildFile section */

/* Begin PBXContainerItemProxy section */
		FAB2722728EEDE4C00056F99 /* PBXContainerItemProxy */ = {
			isa = PBXContainerItemProxy;
			containerPortal = FAB2720528EEDE4A00056F99 /* Project object */;
			proxyType = 1;
			remoteGlobalIDString = FAB2720C28EEDE4A00056F99;
			remoteInfo = Petfinder;
		};
		FAB2723128EEDE4C00056F99 /* PBXContainerItemProxy */ = {
			isa = PBXContainerItemProxy;
			containerPortal = FAB2720528EEDE4A00056F99 /* Project object */;
			proxyType = 1;
			remoteGlobalIDString = FAB2720C28EEDE4A00056F99;
			remoteInfo = Petfinder;
		};
/* End PBXContainerItemProxy section */

/* Begin PBXFileReference section */
		0CC9EB9243367AAC4C2A7918 /* Pods-Petfinder.release.xcconfig */ = {isa = PBXFileReference; includeInIndex = 1; lastKnownFileType = text.xcconfig; name = "Pods-Petfinder.release.xcconfig"; path = "Target Support Files/Pods-Petfinder/Pods-Petfinder.release.xcconfig"; sourceTree = "<group>"; };
		2143C1074CA90E278F67D757 /* Pods-Petfinder-PetfinderUITests.release.xcconfig */ = {isa = PBXFileReference; includeInIndex = 1; lastKnownFileType = text.xcconfig; name = "Pods-Petfinder-PetfinderUITests.release.xcconfig"; path = "Target Support Files/Pods-Petfinder-PetfinderUITests/Pods-Petfinder-PetfinderUITests.release.xcconfig"; sourceTree = "<group>"; };
		32C5E43A4C5A35E30FDAFE7F /* Pods-PetfinderTests.debug.xcconfig */ = {isa = PBXFileReference; includeInIndex = 1; lastKnownFileType = text.xcconfig; name = "Pods-PetfinderTests.debug.xcconfig"; path = "Target Support Files/Pods-PetfinderTests/Pods-PetfinderTests.debug.xcconfig"; sourceTree = "<group>"; };
		4DFB1234A2E5E195836C603B /* Pods_Petfinder_PetfinderUITests.framework */ = {isa = PBXFileReference; explicitFileType = wrapper.framework; includeInIndex = 0; path = Pods_Petfinder_PetfinderUITests.framework; sourceTree = BUILT_PRODUCTS_DIR; };
		5E71FE6878AF123FAB023D35 /* Pods_Petfinder.framework */ = {isa = PBXFileReference; explicitFileType = wrapper.framework; includeInIndex = 0; path = Pods_Petfinder.framework; sourceTree = BUILT_PRODUCTS_DIR; };
		6870E3B68FB0E00BA6FC45C6 /* Pods-PetfinderTests.release.xcconfig */ = {isa = PBXFileReference; includeInIndex = 1; lastKnownFileType = text.xcconfig; name = "Pods-PetfinderTests.release.xcconfig"; path = "Target Support Files/Pods-PetfinderTests/Pods-PetfinderTests.release.xcconfig"; sourceTree = "<group>"; };
		B48B414907035F233870478E /* Pods-Petfinder.debug.xcconfig */ = {isa = PBXFileReference; includeInIndex = 1; lastKnownFileType = text.xcconfig; name = "Pods-Petfinder.debug.xcconfig"; path = "Target Support Files/Pods-Petfinder/Pods-Petfinder.debug.xcconfig"; sourceTree = "<group>"; };
		C2830D783FC1C91C3E6810BB /* Pods_PetfinderTests.framework */ = {isa = PBXFileReference; explicitFileType = wrapper.framework; includeInIndex = 0; path = Pods_PetfinderTests.framework; sourceTree = BUILT_PRODUCTS_DIR; };
		FA4CA891A909F603AFE8A43E /* Pods-Petfinder-PetfinderUITests.debug.xcconfig */ = {isa = PBXFileReference; includeInIndex = 1; lastKnownFileType = text.xcconfig; name = "Pods-Petfinder-PetfinderUITests.debug.xcconfig"; path = "Target Support Files/Pods-Petfinder-PetfinderUITests/Pods-Petfinder-PetfinderUITests.debug.xcconfig"; sourceTree = "<group>"; };
		FA8EBD5D28F42AD100A223E3 /* KeyboardListener.swift */ = {isa = PBXFileReference; lastKnownFileType = sourcecode.swift; path = KeyboardListener.swift; sourceTree = "<group>"; };
		FA8EBD5F28F49BE200A223E3 /* UIView+Frame.swift */ = {isa = PBXFileReference; lastKnownFileType = sourcecode.swift; path = "UIView+Frame.swift"; sourceTree = "<group>"; };
		FAB2720D28EEDE4A00056F99 /* Petfinder.app */ = {isa = PBXFileReference; explicitFileType = wrapper.application; includeInIndex = 0; path = Petfinder.app; sourceTree = BUILT_PRODUCTS_DIR; };
		FAB2721028EEDE4A00056F99 /* AppDelegate.swift */ = {isa = PBXFileReference; lastKnownFileType = sourcecode.swift; path = AppDelegate.swift; sourceTree = "<group>"; };
		FAB2721228EEDE4A00056F99 /* SceneDelegate.swift */ = {isa = PBXFileReference; lastKnownFileType = sourcecode.swift; path = SceneDelegate.swift; sourceTree = "<group>"; };
		FAB2721428EEDE4A00056F99 /* PetSearchViewController.swift */ = {isa = PBXFileReference; lastKnownFileType = sourcecode.swift; path = PetSearchViewController.swift; sourceTree = "<group>"; };
		FAB2721728EEDE4A00056F99 /* Base */ = {isa = PBXFileReference; lastKnownFileType = file.storyboard; name = Base; path = Base.lproj/Main.storyboard; sourceTree = "<group>"; };
		FAB2721A28EEDE4A00056F99 /* Petfinder.xcdatamodel */ = {isa = PBXFileReference; lastKnownFileType = wrapper.xcdatamodel; path = Petfinder.xcdatamodel; sourceTree = "<group>"; };
		FAB2721C28EEDE4B00056F99 /* Assets.xcassets */ = {isa = PBXFileReference; lastKnownFileType = folder.assetcatalog; path = Assets.xcassets; sourceTree = "<group>"; };
		FAB2721F28EEDE4B00056F99 /* Base */ = {isa = PBXFileReference; lastKnownFileType = file.storyboard; name = Base; path = Base.lproj/LaunchScreen.storyboard; sourceTree = "<group>"; };
		FAB2722128EEDE4B00056F99 /* Info.plist */ = {isa = PBXFileReference; lastKnownFileType = text.plist.xml; path = Info.plist; sourceTree = "<group>"; };
		FAB2722628EEDE4C00056F99 /* PetfinderTests.xctest */ = {isa = PBXFileReference; explicitFileType = wrapper.cfbundle; includeInIndex = 0; path = PetfinderTests.xctest; sourceTree = BUILT_PRODUCTS_DIR; };
		FAB2722A28EEDE4C00056F99 /* PetfinderTests.swift */ = {isa = PBXFileReference; lastKnownFileType = sourcecode.swift; path = PetfinderTests.swift; sourceTree = "<group>"; };
		FAB2723028EEDE4C00056F99 /* PetfinderUITests.xctest */ = {isa = PBXFileReference; explicitFileType = wrapper.cfbundle; includeInIndex = 0; path = PetfinderUITests.xctest; sourceTree = BUILT_PRODUCTS_DIR; };
		FAB2723428EEDE4C00056F99 /* PetfinderUITests.swift */ = {isa = PBXFileReference; lastKnownFileType = sourcecode.swift; path = PetfinderUITests.swift; sourceTree = "<group>"; };
		FAB2723628EEDE4C00056F99 /* PetfinderUITestsLaunchTests.swift */ = {isa = PBXFileReference; lastKnownFileType = sourcecode.swift; path = PetfinderUITestsLaunchTests.swift; sourceTree = "<group>"; };
		FAFB451828F41EF8004B1637 /* AuthenticationToken.swift */ = {isa = PBXFileReference; fileEncoding = 4; lastKnownFileType = sourcecode.swift; path = AuthenticationToken.swift; sourceTree = "<group>"; };
/* End PBXFileReference section */

/* Begin PBXFrameworksBuildPhase section */
		FAB2720A28EEDE4A00056F99 /* Frameworks */ = {
			isa = PBXFrameworksBuildPhase;
			buildActionMask = 2147483647;
			files = (
				CBBB40038B916C236E08F49A /* Pods_Petfinder.framework in Frameworks */,
			);
			runOnlyForDeploymentPostprocessing = 0;
		};
		FAB2722328EEDE4C00056F99 /* Frameworks */ = {
			isa = PBXFrameworksBuildPhase;
			buildActionMask = 2147483647;
			files = (
				FF3BA7EFA8C786227E94BB10 /* Pods_PetfinderTests.framework in Frameworks */,
			);
			runOnlyForDeploymentPostprocessing = 0;
		};
		FAB2722D28EEDE4C00056F99 /* Frameworks */ = {
			isa = PBXFrameworksBuildPhase;
			buildActionMask = 2147483647;
			files = (
				6A4950E05B4B26B1CF49A9F0 /* Pods_Petfinder_PetfinderUITests.framework in Frameworks */,
			);
			runOnlyForDeploymentPostprocessing = 0;
		};
/* End PBXFrameworksBuildPhase section */

/* Begin PBXGroup section */
		8DACB336C2082E4994547855 /* Frameworks */ = {
			isa = PBXGroup;
			children = (
				5E71FE6878AF123FAB023D35 /* Pods_Petfinder.framework */,
				4DFB1234A2E5E195836C603B /* Pods_Petfinder_PetfinderUITests.framework */,
				C2830D783FC1C91C3E6810BB /* Pods_PetfinderTests.framework */,
			);
			name = Frameworks;
			sourceTree = "<group>";
		};
		BB4E01E878B402803EA70B2F /* Pods */ = {
			isa = PBXGroup;
			children = (
				B48B414907035F233870478E /* Pods-Petfinder.debug.xcconfig */,
				0CC9EB9243367AAC4C2A7918 /* Pods-Petfinder.release.xcconfig */,
				FA4CA891A909F603AFE8A43E /* Pods-Petfinder-PetfinderUITests.debug.xcconfig */,
				2143C1074CA90E278F67D757 /* Pods-Petfinder-PetfinderUITests.release.xcconfig */,
				32C5E43A4C5A35E30FDAFE7F /* Pods-PetfinderTests.debug.xcconfig */,
				6870E3B68FB0E00BA6FC45C6 /* Pods-PetfinderTests.release.xcconfig */,
			);
			path = Pods;
			sourceTree = "<group>";
		};
		FAB2720428EEDE4A00056F99 = {
			isa = PBXGroup;
			children = (
				FAB2720F28EEDE4A00056F99 /* Petfinder */,
				FAB2722928EEDE4C00056F99 /* PetfinderTests */,
				FAB2723328EEDE4C00056F99 /* PetfinderUITests */,
				FAB2720E28EEDE4A00056F99 /* Products */,
				BB4E01E878B402803EA70B2F /* Pods */,
				8DACB336C2082E4994547855 /* Frameworks */,
			);
			sourceTree = "<group>";
		};
		FAB2720E28EEDE4A00056F99 /* Products */ = {
			isa = PBXGroup;
			children = (
				FAB2720D28EEDE4A00056F99 /* Petfinder.app */,
				FAB2722628EEDE4C00056F99 /* PetfinderTests.xctest */,
				FAB2723028EEDE4C00056F99 /* PetfinderUITests.xctest */,
			);
			name = Products;
			sourceTree = "<group>";
		};
		FAB2720F28EEDE4A00056F99 /* Petfinder */ = {
			isa = PBXGroup;
			children = (
				FAFB450D28EF5902004B1637 /* User Interface */,
				FAB2721028EEDE4A00056F99 /* AppDelegate.swift */,
				FAB2721228EEDE4A00056F99 /* SceneDelegate.swift */,
				FAB2721C28EEDE4B00056F99 /* Assets.xcassets */,
				FAB2722128EEDE4B00056F99 /* Info.plist */,
				FAB2721928EEDE4A00056F99 /* Petfinder.xcdatamodeld */,
			);
			path = Petfinder;
			sourceTree = "<group>";
		};
		FAB2722928EEDE4C00056F99 /* PetfinderTests */ = {
			isa = PBXGroup;
			children = (
				FAB2722A28EEDE4C00056F99 /* PetfinderTests.swift */,
			);
			path = PetfinderTests;
			sourceTree = "<group>";
		};
		FAB2723328EEDE4C00056F99 /* PetfinderUITests */ = {
			isa = PBXGroup;
			children = (
				FAB2723428EEDE4C00056F99 /* PetfinderUITests.swift */,
				FAB2723628EEDE4C00056F99 /* PetfinderUITestsLaunchTests.swift */,
			);
			path = PetfinderUITests;
			sourceTree = "<group>";
		};
		FAFB450D28EF5902004B1637 /* User Interface */ = {
			isa = PBXGroup;
			children = (
				FAFB451128EF5C4E004B1637 /* Library */,
				FAFB451028EF5987004B1637 /* Networking */,
				FAFB450F28EF5971004B1637 /* Management */,
				FAFB450E28EF5943004B1637 /* Pet Search */,
				FAB2721E28EEDE4B00056F99 /* LaunchScreen.storyboard */,
			);
			path = "User Interface";
			sourceTree = "<group>";
		};
		FAFB450E28EF5943004B1637 /* Pet Search */ = {
			isa = PBXGroup;
			children = (
				FAB2721428EEDE4A00056F99 /* PetSearchViewController.swift */,
				FAB2721628EEDE4A00056F99 /* Main.storyboard */,
			);
			path = "Pet Search";
			sourceTree = "<group>";
		};
		FAFB450F28EF5971004B1637 /* Management */ = {
			isa = PBXGroup;
			children = (
			);
			path = Management;
			sourceTree = "<group>";
		};
		FAFB451028EF5987004B1637 /* Networking */ = {
			isa = PBXGroup;
			children = (
				FAFB451728F41EE0004B1637 /* Authentication */,
			);
			path = Networking;
			sourceTree = "<group>";
		};
		FAFB451128EF5C4E004B1637 /* Library */ = {
			isa = PBXGroup;
			children = (
				FA8EBD5D28F42AD100A223E3 /* KeyboardListener.swift */,
				FA8EBD5F28F49BE200A223E3 /* UIView+Frame.swift */,
			);
			path = Library;
			sourceTree = "<group>";
		};
		FAFB451728F41EE0004B1637 /* Authentication */ = {
			isa = PBXGroup;
			children = (
				FAFB451828F41EF8004B1637 /* AuthenticationToken.swift */,
			);
			path = Authentication;
			sourceTree = "<group>";
		};
/* End PBXGroup section */

/* Begin PBXNativeTarget section */
		FAB2720C28EEDE4A00056F99 /* Petfinder */ = {
			isa = PBXNativeTarget;
			buildConfigurationList = FAB2723A28EEDE4C00056F99 /* Build configuration list for PBXNativeTarget "Petfinder" */;
			buildPhases = (
				3C655F847AA414015945308D /* [CP] Check Pods Manifest.lock */,
				FAB2720928EEDE4A00056F99 /* Sources */,
				FAB2720A28EEDE4A00056F99 /* Frameworks */,
				FAB2720B28EEDE4A00056F99 /* Resources */,
			);
			buildRules = (
			);
			dependencies = (
			);
			name = Petfinder;
			productName = Petfinder;
			productReference = FAB2720D28EEDE4A00056F99 /* Petfinder.app */;
			productType = "com.apple.product-type.application";
		};
		FAB2722528EEDE4C00056F99 /* PetfinderTests */ = {
			isa = PBXNativeTarget;
			buildConfigurationList = FAB2723D28EEDE4C00056F99 /* Build configuration list for PBXNativeTarget "PetfinderTests" */;
			buildPhases = (
				E402545E19A8EE928239B303 /* [CP] Check Pods Manifest.lock */,
				FAB2722228EEDE4C00056F99 /* Sources */,
				FAB2722328EEDE4C00056F99 /* Frameworks */,
				FAB2722428EEDE4C00056F99 /* Resources */,
			);
			buildRules = (
			);
			dependencies = (
				FAB2722828EEDE4C00056F99 /* PBXTargetDependency */,
			);
			name = PetfinderTests;
			productName = PetfinderTests;
			productReference = FAB2722628EEDE4C00056F99 /* PetfinderTests.xctest */;
			productType = "com.apple.product-type.bundle.unit-test";
		};
		FAB2722F28EEDE4C00056F99 /* PetfinderUITests */ = {
			isa = PBXNativeTarget;
			buildConfigurationList = FAB2724028EEDE4C00056F99 /* Build configuration list for PBXNativeTarget "PetfinderUITests" */;
			buildPhases = (
				C14B77B1076E910EEE8BCA2D /* [CP] Check Pods Manifest.lock */,
				FAB2722C28EEDE4C00056F99 /* Sources */,
				FAB2722D28EEDE4C00056F99 /* Frameworks */,
				FAB2722E28EEDE4C00056F99 /* Resources */,
			);
			buildRules = (
			);
			dependencies = (
				FAB2723228EEDE4C00056F99 /* PBXTargetDependency */,
			);
			name = PetfinderUITests;
			productName = PetfinderUITests;
			productReference = FAB2723028EEDE4C00056F99 /* PetfinderUITests.xctest */;
			productType = "com.apple.product-type.bundle.ui-testing";
		};
/* End PBXNativeTarget section */

/* Begin PBXProject section */
		FAB2720528EEDE4A00056F99 /* Project object */ = {
			isa = PBXProject;
			attributes = {
				BuildIndependentTargetsInParallel = 1;
				LastSwiftUpdateCheck = 1400;
				LastUpgradeCheck = 1400;
				TargetAttributes = {
					FAB2720C28EEDE4A00056F99 = {
						CreatedOnToolsVersion = 14.0.1;
					};
					FAB2722528EEDE4C00056F99 = {
						CreatedOnToolsVersion = 14.0.1;
						TestTargetID = FAB2720C28EEDE4A00056F99;
					};
					FAB2722F28EEDE4C00056F99 = {
						CreatedOnToolsVersion = 14.0.1;
						TestTargetID = FAB2720C28EEDE4A00056F99;
					};
				};
			};
			buildConfigurationList = FAB2720828EEDE4A00056F99 /* Build configuration list for PBXProject "Petfinder" */;
			compatibilityVersion = "Xcode 13.0";
			developmentRegion = en;
			hasScannedForEncodings = 0;
			knownRegions = (
				en,
				Base,
			);
			mainGroup = FAB2720428EEDE4A00056F99;
			productRefGroup = FAB2720E28EEDE4A00056F99 /* Products */;
			projectDirPath = "";
			projectRoot = "";
			targets = (
				FAB2720C28EEDE4A00056F99 /* Petfinder */,
				FAB2722528EEDE4C00056F99 /* PetfinderTests */,
				FAB2722F28EEDE4C00056F99 /* PetfinderUITests */,
			);
		};
/* End PBXProject section */

/* Begin PBXResourcesBuildPhase section */
		FAB2720B28EEDE4A00056F99 /* Resources */ = {
			isa = PBXResourcesBuildPhase;
			buildActionMask = 2147483647;
			files = (
				FAB2722028EEDE4B00056F99 /* LaunchScreen.storyboard in Resources */,
				FAB2721D28EEDE4B00056F99 /* Assets.xcassets in Resources */,
				FAB2721828EEDE4A00056F99 /* Main.storyboard in Resources */,
			);
			runOnlyForDeploymentPostprocessing = 0;
		};
		FAB2722428EEDE4C00056F99 /* Resources */ = {
			isa = PBXResourcesBuildPhase;
			buildActionMask = 2147483647;
			files = (
			);
			runOnlyForDeploymentPostprocessing = 0;
		};
		FAB2722E28EEDE4C00056F99 /* Resources */ = {
			isa = PBXResourcesBuildPhase;
			buildActionMask = 2147483647;
			files = (
			);
			runOnlyForDeploymentPostprocessing = 0;
		};
/* End PBXResourcesBuildPhase section */

/* Begin PBXShellScriptBuildPhase section */
		3C655F847AA414015945308D /* [CP] Check Pods Manifest.lock */ = {
			isa = PBXShellScriptBuildPhase;
			buildActionMask = 2147483647;
			files = (
			);
			inputFileListPaths = (
			);
			inputPaths = (
				"${PODS_PODFILE_DIR_PATH}/Podfile.lock",
				"${PODS_ROOT}/Manifest.lock",
			);
			name = "[CP] Check Pods Manifest.lock";
			outputFileListPaths = (
			);
			outputPaths = (
				"$(DERIVED_FILE_DIR)/Pods-Petfinder-checkManifestLockResult.txt",
			);
			runOnlyForDeploymentPostprocessing = 0;
			shellPath = /bin/sh;
			shellScript = "diff \"${PODS_PODFILE_DIR_PATH}/Podfile.lock\" \"${PODS_ROOT}/Manifest.lock\" > /dev/null\nif [ $? != 0 ] ; then\n    # print error to STDERR\n    echo \"error: The sandbox is not in sync with the Podfile.lock. Run 'pod install' or update your CocoaPods installation.\" >&2\n    exit 1\nfi\n# This output is used by Xcode 'outputs' to avoid re-running this script phase.\necho \"SUCCESS\" > \"${SCRIPT_OUTPUT_FILE_0}\"\n";
			showEnvVarsInLog = 0;
		};
		C14B77B1076E910EEE8BCA2D /* [CP] Check Pods Manifest.lock */ = {
			isa = PBXShellScriptBuildPhase;
			buildActionMask = 2147483647;
			files = (
			);
			inputFileListPaths = (
			);
			inputPaths = (
				"${PODS_PODFILE_DIR_PATH}/Podfile.lock",
				"${PODS_ROOT}/Manifest.lock",
			);
			name = "[CP] Check Pods Manifest.lock";
			outputFileListPaths = (
			);
			outputPaths = (
				"$(DERIVED_FILE_DIR)/Pods-Petfinder-PetfinderUITests-checkManifestLockResult.txt",
			);
			runOnlyForDeploymentPostprocessing = 0;
			shellPath = /bin/sh;
			shellScript = "diff \"${PODS_PODFILE_DIR_PATH}/Podfile.lock\" \"${PODS_ROOT}/Manifest.lock\" > /dev/null\nif [ $? != 0 ] ; then\n    # print error to STDERR\n    echo \"error: The sandbox is not in sync with the Podfile.lock. Run 'pod install' or update your CocoaPods installation.\" >&2\n    exit 1\nfi\n# This output is used by Xcode 'outputs' to avoid re-running this script phase.\necho \"SUCCESS\" > \"${SCRIPT_OUTPUT_FILE_0}\"\n";
			showEnvVarsInLog = 0;
		};
		E402545E19A8EE928239B303 /* [CP] Check Pods Manifest.lock */ = {
			isa = PBXShellScriptBuildPhase;
			buildActionMask = 2147483647;
			files = (
			);
			inputFileListPaths = (
			);
			inputPaths = (
				"${PODS_PODFILE_DIR_PATH}/Podfile.lock",
				"${PODS_ROOT}/Manifest.lock",
			);
			name = "[CP] Check Pods Manifest.lock";
			outputFileListPaths = (
			);
			outputPaths = (
				"$(DERIVED_FILE_DIR)/Pods-PetfinderTests-checkManifestLockResult.txt",
			);
			runOnlyForDeploymentPostprocessing = 0;
			shellPath = /bin/sh;
			shellScript = "diff \"${PODS_PODFILE_DIR_PATH}/Podfile.lock\" \"${PODS_ROOT}/Manifest.lock\" > /dev/null\nif [ $? != 0 ] ; then\n    # print error to STDERR\n    echo \"error: The sandbox is not in sync with the Podfile.lock. Run 'pod install' or update your CocoaPods installation.\" >&2\n    exit 1\nfi\n# This output is used by Xcode 'outputs' to avoid re-running this script phase.\necho \"SUCCESS\" > \"${SCRIPT_OUTPUT_FILE_0}\"\n";
			showEnvVarsInLog = 0;
		};
/* End PBXShellScriptBuildPhase section */

/* Begin PBXSourcesBuildPhase section */
		FAB2720928EEDE4A00056F99 /* Sources */ = {
			isa = PBXSourcesBuildPhase;
			buildActionMask = 2147483647;
			files = (
				FAB2721528EEDE4A00056F99 /* PetSearchViewController.swift in Sources */,
				FAB2721128EEDE4A00056F99 /* AppDelegate.swift in Sources */,
				FAB2721328EEDE4A00056F99 /* SceneDelegate.swift in Sources */,
				FAB2721B28EEDE4A00056F99 /* Petfinder.xcdatamodeld in Sources */,
				FA8EBD6028F49BE200A223E3 /* UIView+Frame.swift in Sources */,
				FA8EBD5E28F42AD100A223E3 /* KeyboardListener.swift in Sources */,
				FAFB451928F41EF8004B1637 /* AuthenticationToken.swift in Sources */,
			);
			runOnlyForDeploymentPostprocessing = 0;
		};
		FAB2722228EEDE4C00056F99 /* Sources */ = {
			isa = PBXSourcesBuildPhase;
			buildActionMask = 2147483647;
			files = (
				FAB2722B28EEDE4C00056F99 /* PetfinderTests.swift in Sources */,
			);
			runOnlyForDeploymentPostprocessing = 0;
		};
		FAB2722C28EEDE4C00056F99 /* Sources */ = {
			isa = PBXSourcesBuildPhase;
			buildActionMask = 2147483647;
			files = (
				FAB2723728EEDE4C00056F99 /* PetfinderUITestsLaunchTests.swift in Sources */,
				FAB2723528EEDE4C00056F99 /* PetfinderUITests.swift in Sources */,
			);
			runOnlyForDeploymentPostprocessing = 0;
		};
/* End PBXSourcesBuildPhase section */

/* Begin PBXTargetDependency section */
		FAB2722828EEDE4C00056F99 /* PBXTargetDependency */ = {
			isa = PBXTargetDependency;
			target = FAB2720C28EEDE4A00056F99 /* Petfinder */;
			targetProxy = FAB2722728EEDE4C00056F99 /* PBXContainerItemProxy */;
		};
		FAB2723228EEDE4C00056F99 /* PBXTargetDependency */ = {
			isa = PBXTargetDependency;
			target = FAB2720C28EEDE4A00056F99 /* Petfinder */;
			targetProxy = FAB2723128EEDE4C00056F99 /* PBXContainerItemProxy */;
		};
/* End PBXTargetDependency section */

/* Begin PBXVariantGroup section */
		FAB2721628EEDE4A00056F99 /* Main.storyboard */ = {
			isa = PBXVariantGroup;
			children = (
				FAB2721728EEDE4A00056F99 /* Base */,
			);
			name = Main.storyboard;
			sourceTree = "<group>";
		};
		FAB2721E28EEDE4B00056F99 /* LaunchScreen.storyboard */ = {
			isa = PBXVariantGroup;
			children = (
				FAB2721F28EEDE4B00056F99 /* Base */,
			);
			name = LaunchScreen.storyboard;
			sourceTree = "<group>";
		};
/* End PBXVariantGroup section */

/* Begin XCBuildConfiguration section */
		FAB2723828EEDE4C00056F99 /* Debug */ = {
			isa = XCBuildConfiguration;
			buildSettings = {
				ALWAYS_SEARCH_USER_PATHS = NO;
				CLANG_ANALYZER_NONNULL = YES;
				CLANG_ANALYZER_NUMBER_OBJECT_CONVERSION = YES_AGGRESSIVE;
				CLANG_CXX_LANGUAGE_STANDARD = "gnu++20";
				CLANG_ENABLE_MODULES = YES;
				CLANG_ENABLE_OBJC_ARC = YES;
				CLANG_ENABLE_OBJC_WEAK = YES;
				CLANG_WARN_BLOCK_CAPTURE_AUTORELEASING = YES;
				CLANG_WARN_BOOL_CONVERSION = YES;
				CLANG_WARN_COMMA = YES;
				CLANG_WARN_CONSTANT_CONVERSION = YES;
				CLANG_WARN_DEPRECATED_OBJC_IMPLEMENTATIONS = YES;
				CLANG_WARN_DIRECT_OBJC_ISA_USAGE = YES_ERROR;
				CLANG_WARN_DOCUMENTATION_COMMENTS = YES;
				CLANG_WARN_EMPTY_BODY = YES;
				CLANG_WARN_ENUM_CONVERSION = YES;
				CLANG_WARN_INFINITE_RECURSION = YES;
				CLANG_WARN_INT_CONVERSION = YES;
				CLANG_WARN_NON_LITERAL_NULL_CONVERSION = YES;
				CLANG_WARN_OBJC_IMPLICIT_RETAIN_SELF = YES;
				CLANG_WARN_OBJC_LITERAL_CONVERSION = YES;
				CLANG_WARN_OBJC_ROOT_CLASS = YES_ERROR;
				CLANG_WARN_QUOTED_INCLUDE_IN_FRAMEWORK_HEADER = YES;
				CLANG_WARN_RANGE_LOOP_ANALYSIS = YES;
				CLANG_WARN_STRICT_PROTOTYPES = YES;
				CLANG_WARN_SUSPICIOUS_MOVE = YES;
				CLANG_WARN_UNGUARDED_AVAILABILITY = YES_AGGRESSIVE;
				CLANG_WARN_UNREACHABLE_CODE = YES;
				CLANG_WARN__DUPLICATE_METHOD_MATCH = YES;
				COPY_PHASE_STRIP = NO;
				DEBUG_INFORMATION_FORMAT = dwarf;
				ENABLE_STRICT_OBJC_MSGSEND = YES;
				ENABLE_TESTABILITY = YES;
				GCC_C_LANGUAGE_STANDARD = gnu11;
				GCC_DYNAMIC_NO_PIC = NO;
				GCC_NO_COMMON_BLOCKS = YES;
				GCC_OPTIMIZATION_LEVEL = 0;
				GCC_PREPROCESSOR_DEFINITIONS = (
					"DEBUG=1",
					"$(inherited)",
				);
				GCC_WARN_64_TO_32_BIT_CONVERSION = YES;
				GCC_WARN_ABOUT_RETURN_TYPE = YES_ERROR;
				GCC_WARN_UNDECLARED_SELECTOR = YES;
				GCC_WARN_UNINITIALIZED_AUTOS = YES_AGGRESSIVE;
				GCC_WARN_UNUSED_FUNCTION = YES;
				GCC_WARN_UNUSED_VARIABLE = YES;
				IPHONEOS_DEPLOYMENT_TARGET = 16.0;
				MTL_ENABLE_DEBUG_INFO = INCLUDE_SOURCE;
				MTL_FAST_MATH = YES;
				ONLY_ACTIVE_ARCH = YES;
				SDKROOT = iphoneos;
				SWIFT_ACTIVE_COMPILATION_CONDITIONS = DEBUG;
				SWIFT_OPTIMIZATION_LEVEL = "-Onone";
			};
			name = Debug;
		};
		FAB2723928EEDE4C00056F99 /* Release */ = {
			isa = XCBuildConfiguration;
			buildSettings = {
				ALWAYS_SEARCH_USER_PATHS = NO;
				CLANG_ANALYZER_NONNULL = YES;
				CLANG_ANALYZER_NUMBER_OBJECT_CONVERSION = YES_AGGRESSIVE;
				CLANG_CXX_LANGUAGE_STANDARD = "gnu++20";
				CLANG_ENABLE_MODULES = YES;
				CLANG_ENABLE_OBJC_ARC = YES;
				CLANG_ENABLE_OBJC_WEAK = YES;
				CLANG_WARN_BLOCK_CAPTURE_AUTORELEASING = YES;
				CLANG_WARN_BOOL_CONVERSION = YES;
				CLANG_WARN_COMMA = YES;
				CLANG_WARN_CONSTANT_CONVERSION = YES;
				CLANG_WARN_DEPRECATED_OBJC_IMPLEMENTATIONS = YES;
				CLANG_WARN_DIRECT_OBJC_ISA_USAGE = YES_ERROR;
				CLANG_WARN_DOCUMENTATION_COMMENTS = YES;
				CLANG_WARN_EMPTY_BODY = YES;
				CLANG_WARN_ENUM_CONVERSION = YES;
				CLANG_WARN_INFINITE_RECURSION = YES;
				CLANG_WARN_INT_CONVERSION = YES;
				CLANG_WARN_NON_LITERAL_NULL_CONVERSION = YES;
				CLANG_WARN_OBJC_IMPLICIT_RETAIN_SELF = YES;
				CLANG_WARN_OBJC_LITERAL_CONVERSION = YES;
				CLANG_WARN_OBJC_ROOT_CLASS = YES_ERROR;
				CLANG_WARN_QUOTED_INCLUDE_IN_FRAMEWORK_HEADER = YES;
				CLANG_WARN_RANGE_LOOP_ANALYSIS = YES;
				CLANG_WARN_STRICT_PROTOTYPES = YES;
				CLANG_WARN_SUSPICIOUS_MOVE = YES;
				CLANG_WARN_UNGUARDED_AVAILABILITY = YES_AGGRESSIVE;
				CLANG_WARN_UNREACHABLE_CODE = YES;
				CLANG_WARN__DUPLICATE_METHOD_MATCH = YES;
				COPY_PHASE_STRIP = NO;
				DEBUG_INFORMATION_FORMAT = "dwarf-with-dsym";
				ENABLE_NS_ASSERTIONS = NO;
				ENABLE_STRICT_OBJC_MSGSEND = YES;
				GCC_C_LANGUAGE_STANDARD = gnu11;
				GCC_NO_COMMON_BLOCKS = YES;
				GCC_WARN_64_TO_32_BIT_CONVERSION = YES;
				GCC_WARN_ABOUT_RETURN_TYPE = YES_ERROR;
				GCC_WARN_UNDECLARED_SELECTOR = YES;
				GCC_WARN_UNINITIALIZED_AUTOS = YES_AGGRESSIVE;
				GCC_WARN_UNUSED_FUNCTION = YES;
				GCC_WARN_UNUSED_VARIABLE = YES;
				IPHONEOS_DEPLOYMENT_TARGET = 16.0;
				MTL_ENABLE_DEBUG_INFO = NO;
				MTL_FAST_MATH = YES;
				SDKROOT = iphoneos;
				SWIFT_COMPILATION_MODE = wholemodule;
				SWIFT_OPTIMIZATION_LEVEL = "-O";
				VALIDATE_PRODUCT = YES;
			};
			name = Release;
		};
		FAB2723B28EEDE4C00056F99 /* Debug */ = {
			isa = XCBuildConfiguration;
			baseConfigurationReference = B48B414907035F233870478E /* Pods-Petfinder.debug.xcconfig */;
			buildSettings = {
				ASSETCATALOG_COMPILER_APPICON_NAME = AppIcon;
				ASSETCATALOG_COMPILER_GLOBAL_ACCENT_COLOR_NAME = AccentColor;
				CODE_SIGN_STYLE = Automatic;
				CURRENT_PROJECT_VERSION = 1;
				DEVELOPMENT_TEAM = METTN322S5;
				GENERATE_INFOPLIST_FILE = YES;
				INFOPLIST_FILE = Petfinder/Info.plist;
				INFOPLIST_KEY_UIApplicationSupportsIndirectInputEvents = YES;
				INFOPLIST_KEY_UILaunchStoryboardName = LaunchScreen;
				INFOPLIST_KEY_UIMainStoryboardFile = Main;
				INFOPLIST_KEY_UISupportedInterfaceOrientations_iPad = "UIInterfaceOrientationPortrait UIInterfaceOrientationPortraitUpsideDown UIInterfaceOrientationLandscapeLeft UIInterfaceOrientationLandscapeRight";
				INFOPLIST_KEY_UISupportedInterfaceOrientations_iPhone = "UIInterfaceOrientationPortrait UIInterfaceOrientationLandscapeLeft UIInterfaceOrientationLandscapeRight";
				LD_RUNPATH_SEARCH_PATHS = (
					"$(inherited)",
					"@executable_path/Frameworks",
				);
				MARKETING_VERSION = 1.0;
				PRODUCT_BUNDLE_IDENTIFIER = com.mesmerize.Petfinder;
				PRODUCT_NAME = "$(TARGET_NAME)";
				SWIFT_EMIT_LOC_STRINGS = YES;
				SWIFT_VERSION = 5.0;
				TARGETED_DEVICE_FAMILY = "1,2";
			};
			name = Debug;
		};
		FAB2723C28EEDE4C00056F99 /* Release */ = {
			isa = XCBuildConfiguration;
			baseConfigurationReference = 0CC9EB9243367AAC4C2A7918 /* Pods-Petfinder.release.xcconfig */;
			buildSettings = {
				ASSETCATALOG_COMPILER_APPICON_NAME = AppIcon;
				ASSETCATALOG_COMPILER_GLOBAL_ACCENT_COLOR_NAME = AccentColor;
				CODE_SIGN_STYLE = Automatic;
				CURRENT_PROJECT_VERSION = 1;
				DEVELOPMENT_TEAM = METTN322S5;
				GENERATE_INFOPLIST_FILE = YES;
				INFOPLIST_FILE = Petfinder/Info.plist;
				INFOPLIST_KEY_UIApplicationSupportsIndirectInputEvents = YES;
				INFOPLIST_KEY_UILaunchStoryboardName = LaunchScreen;
				INFOPLIST_KEY_UIMainStoryboardFile = Main;
				INFOPLIST_KEY_UISupportedInterfaceOrientations_iPad = "UIInterfaceOrientationPortrait UIInterfaceOrientationPortraitUpsideDown UIInterfaceOrientationLandscapeLeft UIInterfaceOrientationLandscapeRight";
				INFOPLIST_KEY_UISupportedInterfaceOrientations_iPhone = "UIInterfaceOrientationPortrait UIInterfaceOrientationLandscapeLeft UIInterfaceOrientationLandscapeRight";
				LD_RUNPATH_SEARCH_PATHS = (
					"$(inherited)",
					"@executable_path/Frameworks",
				);
				MARKETING_VERSION = 1.0;
				PRODUCT_BUNDLE_IDENTIFIER = com.mesmerize.Petfinder;
				PRODUCT_NAME = "$(TARGET_NAME)";
				SWIFT_EMIT_LOC_STRINGS = YES;
				SWIFT_VERSION = 5.0;
				TARGETED_DEVICE_FAMILY = "1,2";
			};
			name = Release;
		};
		FAB2723E28EEDE4C00056F99 /* Debug */ = {
			isa = XCBuildConfiguration;
			baseConfigurationReference = 32C5E43A4C5A35E30FDAFE7F /* Pods-PetfinderTests.debug.xcconfig */;
			buildSettings = {
				ALWAYS_EMBED_SWIFT_STANDARD_LIBRARIES = YES;
				BUNDLE_LOADER = "$(TEST_HOST)";
				CODE_SIGN_STYLE = Automatic;
				CURRENT_PROJECT_VERSION = 1;
				DEVELOPMENT_TEAM = METTN322S5;
				GENERATE_INFOPLIST_FILE = YES;
				IPHONEOS_DEPLOYMENT_TARGET = 16.0;
				MARKETING_VERSION = 1.0;
				PRODUCT_BUNDLE_IDENTIFIER = com.mesmerize.PetfinderTests;
				PRODUCT_NAME = "$(TARGET_NAME)";
				SWIFT_EMIT_LOC_STRINGS = NO;
				SWIFT_VERSION = 5.0;
				TARGETED_DEVICE_FAMILY = "1,2";
				TEST_HOST = "$(BUILT_PRODUCTS_DIR)/Petfinder.app/$(BUNDLE_EXECUTABLE_FOLDER_PATH)/Petfinder";
			};
			name = Debug;
		};
		FAB2723F28EEDE4C00056F99 /* Release */ = {
			isa = XCBuildConfiguration;
			baseConfigurationReference = 6870E3B68FB0E00BA6FC45C6 /* Pods-PetfinderTests.release.xcconfig */;
			buildSettings = {
				ALWAYS_EMBED_SWIFT_STANDARD_LIBRARIES = YES;
				BUNDLE_LOADER = "$(TEST_HOST)";
				CODE_SIGN_STYLE = Automatic;
				CURRENT_PROJECT_VERSION = 1;
				DEVELOPMENT_TEAM = METTN322S5;
				GENERATE_INFOPLIST_FILE = YES;
				IPHONEOS_DEPLOYMENT_TARGET = 16.0;
				MARKETING_VERSION = 1.0;
				PRODUCT_BUNDLE_IDENTIFIER = com.mesmerize.PetfinderTests;
				PRODUCT_NAME = "$(TARGET_NAME)";
				SWIFT_EMIT_LOC_STRINGS = NO;
				SWIFT_VERSION = 5.0;
				TARGETED_DEVICE_FAMILY = "1,2";
				TEST_HOST = "$(BUILT_PRODUCTS_DIR)/Petfinder.app/$(BUNDLE_EXECUTABLE_FOLDER_PATH)/Petfinder";
			};
			name = Release;
		};
		FAB2724128EEDE4C00056F99 /* Debug */ = {
			isa = XCBuildConfiguration;
			baseConfigurationReference = FA4CA891A909F603AFE8A43E /* Pods-Petfinder-PetfinderUITests.debug.xcconfig */;
			buildSettings = {
				ALWAYS_EMBED_SWIFT_STANDARD_LIBRARIES = YES;
				CODE_SIGN_STYLE = Automatic;
				CURRENT_PROJECT_VERSION = 1;
				DEVELOPMENT_TEAM = METTN322S5;
				GENERATE_INFOPLIST_FILE = YES;
				MARKETING_VERSION = 1.0;
				PRODUCT_BUNDLE_IDENTIFIER = com.mesmerize.PetfinderUITests;
				PRODUCT_NAME = "$(TARGET_NAME)";
				SWIFT_EMIT_LOC_STRINGS = NO;
				SWIFT_VERSION = 5.0;
				TARGETED_DEVICE_FAMILY = "1,2";
				TEST_TARGET_NAME = Petfinder;
			};
			name = Debug;
		};
		FAB2724228EEDE4C00056F99 /* Release */ = {
			isa = XCBuildConfiguration;
			baseConfigurationReference = 2143C1074CA90E278F67D757 /* Pods-Petfinder-PetfinderUITests.release.xcconfig */;
			buildSettings = {
				ALWAYS_EMBED_SWIFT_STANDARD_LIBRARIES = YES;
				CODE_SIGN_STYLE = Automatic;
				CURRENT_PROJECT_VERSION = 1;
				DEVELOPMENT_TEAM = METTN322S5;
				GENERATE_INFOPLIST_FILE = YES;
				MARKETING_VERSION = 1.0;
				PRODUCT_BUNDLE_IDENTIFIER = com.mesmerize.PetfinderUITests;
				PRODUCT_NAME = "$(TARGET_NAME)";
				SWIFT_EMIT_LOC_STRINGS = NO;
				SWIFT_VERSION = 5.0;
				TARGETED_DEVICE_FAMILY = "1,2";
				TEST_TARGET_NAME = Petfinder;
			};
			name = Release;
		};
/* End XCBuildConfiguration section */

/* Begin XCConfigurationList section */
		FAB2720828EEDE4A00056F99 /* Build configuration list for PBXProject "Petfinder" */ = {
			isa = XCConfigurationList;
			buildConfigurations = (
				FAB2723828EEDE4C00056F99 /* Debug */,
				FAB2723928EEDE4C00056F99 /* Release */,
			);
			defaultConfigurationIsVisible = 0;
			defaultConfigurationName = Release;
		};
		FAB2723A28EEDE4C00056F99 /* Build configuration list for PBXNativeTarget "Petfinder" */ = {
			isa = XCConfigurationList;
			buildConfigurations = (
				FAB2723B28EEDE4C00056F99 /* Debug */,
				FAB2723C28EEDE4C00056F99 /* Release */,
			);
			defaultConfigurationIsVisible = 0;
			defaultConfigurationName = Release;
		};
		FAB2723D28EEDE4C00056F99 /* Build configuration list for PBXNativeTarget "PetfinderTests" */ = {
			isa = XCConfigurationList;
			buildConfigurations = (
				FAB2723E28EEDE4C00056F99 /* Debug */,
				FAB2723F28EEDE4C00056F99 /* Release */,
			);
			defaultConfigurationIsVisible = 0;
			defaultConfigurationName = Release;
		};
		FAB2724028EEDE4C00056F99 /* Build configuration list for PBXNativeTarget "PetfinderUITests" */ = {
			isa = XCConfigurationList;
			buildConfigurations = (
				FAB2724128EEDE4C00056F99 /* Debug */,
				FAB2724228EEDE4C00056F99 /* Release */,
			);
			defaultConfigurationIsVisible = 0;
			defaultConfigurationName = Release;
		};
/* End XCConfigurationList section */

/* Begin XCVersionGroup section */
		FAB2721928EEDE4A00056F99 /* Petfinder.xcdatamodeld */ = {
			isa = XCVersionGroup;
			children = (
				FAB2721A28EEDE4A00056F99 /* Petfinder.xcdatamodel */,
			);
			currentVersion = FAB2721A28EEDE4A00056F99 /* Petfinder.xcdatamodel */;
			path = Petfinder.xcdatamodeld;
			sourceTree = "<group>";
			versionGroupType = wrapper.xcdatamodel;
		};
/* End XCVersionGroup section */
	};
	rootObject = FAB2720528EEDE4A00056F99 /* Project object */;
}
